
Microsoft Visual Studio Solution File, Format Version 12.00
# Visual Studio 16
Project("{FAE04EC0-301F-11D3-BF4B-00C04F79EFBC}") = "Assembly-CSharp", "Assembly-CSharp.csproj", "{55D42EE6-BA14-9C4F-803D-EA3FF9E9C292}"
EndProject
Project("{FAE04EC0-301F-11D3-BF4B-00C04F79EFBC}") = "Assembly-CSharp-Editor", "Assembly-CSharp-Editor.csproj", "{79A87A87-F830-FDB3-1BD7-509E59E835D6}"
EndProject
Global
	GlobalSection(SolutionConfigurationPlatforms) = preSolution
		Debug|Any CPU = Debug|Any CPU
		Release|Any CPU = Release|Any CPU
	EndGlobalSection
	GlobalSection(ProjectConfigurationPlatforms) = postSolution
		{55D42EE6-BA14-9C4F-803D-EA3FF9E9C292}.Debug|Any CPU.ActiveCfg = Debug|Any CPU
		{55D42EE6-BA14-9C4F-803D-EA3FF9E9C292}.Debug|Any CPU.Build.0 = Debug|Any CPU
		{55D42EE6-BA14-9C4F-803D-EA3FF9E9C292}.Release|Any CPU.ActiveCfg = Release|Any CPU
		{55D42EE6-BA14-9C4F-803D-EA3FF9E9C292}.Release|Any CPU.Build.0 = Release|Any CPU
		{79A87A87-F830-FDB3-1BD7-509E59E835D6}.Debug|Any CPU.ActiveCfg = Debug|Any CPU
		{79A87A87-F830-FDB3-1BD7-509E59E835D6}.Debug|Any CPU.Build.0 = Debug|Any CPU
		{79A87A87-F830-FDB3-1BD7-509E59E835D6}.Release|Any CPU.ActiveCfg = Release|Any CPU
		{79A87A87-F830-FDB3-1BD7-509E59E835D6}.Release|Any CPU.Build.0 = Release|Any CPU
	EndGlobalSection
	GlobalSection(SolutionProperties) = preSolution
		HideSolutionNode = FALSE
	EndGlobalSection
EndGlobal
